// !$*UTF8*$!
{
	archiveVersion = 1;
	classes = {
	};
	objectVersion = 50;
	objects = {

/* Begin PBXBuildFile section */
		883B807824AE772000F71DFB /* AppDelegate.swift in Sources */ = {isa = PBXBuildFile; fileRef = 883B807724AE772000F71DFB /* AppDelegate.swift */; };
		883B807A24AE772000F71DFB /* SceneDelegate.swift in Sources */ = {isa = PBXBuildFile; fileRef = 883B807924AE772000F71DFB /* SceneDelegate.swift */; };
		883B808224AE772000F71DFB /* ExamenGapsi.xcdatamodeld in Sources */ = {isa = PBXBuildFile; fileRef = 883B808024AE772000F71DFB /* ExamenGapsi.xcdatamodeld */; };
		883B808424AE772100F71DFB /* Assets.xcassets in Resources */ = {isa = PBXBuildFile; fileRef = 883B808324AE772100F71DFB /* Assets.xcassets */; };
		883B808724AE772100F71DFB /* LaunchScreen.storyboard in Resources */ = {isa = PBXBuildFile; fileRef = 883B808524AE772100F71DFB /* LaunchScreen.storyboard */; };
		883B809624AE77E000F71DFB /* ProductsListInteractor.swift in Sources */ = {isa = PBXBuildFile; fileRef = 883B808F24AE77DF00F71DFB /* ProductsListInteractor.swift */; };
		883B809724AE77E000F71DFB /* ProductsListLocalDataManager.swift in Sources */ = {isa = PBXBuildFile; fileRef = 883B809024AE77E000F71DFB /* ProductsListLocalDataManager.swift */; };
		883B809824AE77E000F71DFB /* ProductsListPresenter.swift in Sources */ = {isa = PBXBuildFile; fileRef = 883B809124AE77E000F71DFB /* ProductsListPresenter.swift */; };
		883B809924AE77E000F71DFB /* ProductsListProtocols.swift in Sources */ = {isa = PBXBuildFile; fileRef = 883B809224AE77E000F71DFB /* ProductsListProtocols.swift */; };
		883B809A24AE77E000F71DFB /* ProductsListRemoteDataManager.swift in Sources */ = {isa = PBXBuildFile; fileRef = 883B809324AE77E000F71DFB /* ProductsListRemoteDataManager.swift */; };
		883B809B24AE77E000F71DFB /* ProductsListView.swift in Sources */ = {isa = PBXBuildFile; fileRef = 883B809424AE77E000F71DFB /* ProductsListView.swift */; };
		883B809C24AE77E000F71DFB /* ProductsListWireFrame.swift in Sources */ = {isa = PBXBuildFile; fileRef = 883B809524AE77E000F71DFB /* ProductsListWireFrame.swift */; };
		883B809F24AE780300F71DFB /* ProductsListView.storyboard in Resources */ = {isa = PBXBuildFile; fileRef = 883B809E24AE780300F71DFB /* ProductsListView.storyboard */; };
		883B80A324AE7CED00F71DFB /* Constants.swift in Sources */ = {isa = PBXBuildFile; fileRef = 883B80A224AE7CED00F71DFB /* Constants.swift */; };
		883B80A624AE7D9900F71DFB /* WebService.swift in Sources */ = {isa = PBXBuildFile; fileRef = 883B80A524AE7D9900F71DFB /* WebService.swift */; };
		883B80A924AE7DE000F71DFB /* ProductsModel.swift in Sources */ = {isa = PBXBuildFile; fileRef = 883B80A824AE7DE000F71DFB /* ProductsModel.swift */; };
		883B80AB24AE894600F71DFB /* ProductTableViewCell.swift in Sources */ = {isa = PBXBuildFile; fileRef = 883B80AA24AE894600F71DFB /* ProductTableViewCell.swift */; };
		883B80AE24AE934100F71DFB /* URLSession+Extension.swift in Sources */ = {isa = PBXBuildFile; fileRef = 883B80AD24AE934100F71DFB /* URLSession+Extension.swift */; };
		883B80B024AE937900F71DFB /* APIError.swift in Sources */ = {isa = PBXBuildFile; fileRef = 883B80AF24AE937900F71DFB /* APIError.swift */; };
		883B80B924AEA78C00F71DFB /* SearchListInteractor.swift in Sources */ = {isa = PBXBuildFile; fileRef = 883B80B224AEA78C00F71DFB /* SearchListInteractor.swift */; };
		883B80BA24AEA78C00F71DFB /* SearchListLocalDataManager.swift in Sources */ = {isa = PBXBuildFile; fileRef = 883B80B324AEA78C00F71DFB /* SearchListLocalDataManager.swift */; };
		883B80BB24AEA78C00F71DFB /* SearchListPresenter.swift in Sources */ = {isa = PBXBuildFile; fileRef = 883B80B424AEA78C00F71DFB /* SearchListPresenter.swift */; };
		883B80BC24AEA78C00F71DFB /* SearchListProtocols.swift in Sources */ = {isa = PBXBuildFile; fileRef = 883B80B524AEA78C00F71DFB /* SearchListProtocols.swift */; };
		883B80BD24AEA78C00F71DFB /* SearchListRemoteDataManager.swift in Sources */ = {isa = PBXBuildFile; fileRef = 883B80B624AEA78C00F71DFB /* SearchListRemoteDataManager.swift */; };
		883B80BE24AEA78C00F71DFB /* SearchListView.swift in Sources */ = {isa = PBXBuildFile; fileRef = 883B80B724AEA78C00F71DFB /* SearchListView.swift */; };
		883B80BF24AEA78C00F71DFB /* SearchListWireFrame.swift in Sources */ = {isa = PBXBuildFile; fileRef = 883B80B824AEA78C00F71DFB /* SearchListWireFrame.swift */; };
		883B80C124AEA7C000F71DFB /* SearchListView.storyboard in Resources */ = {isa = PBXBuildFile; fileRef = 883B80C024AEA7C000F71DFB /* SearchListView.storyboard */; };
/* End PBXBuildFile section */

/* Begin PBXFileReference section */
		883B807424AE772000F71DFB /* ExamenGapsi.app */ = {isa = PBXFileReference; explicitFileType = wrapper.application; includeInIndex = 0; path = ExamenGapsi.app; sourceTree = BUILT_PRODUCTS_DIR; };
		883B807724AE772000F71DFB /* AppDelegate.swift */ = {isa = PBXFileReference; lastKnownFileType = sourcecode.swift; path = AppDelegate.swift; sourceTree = "<group>"; };
		883B807924AE772000F71DFB /* SceneDelegate.swift */ = {isa = PBXFileReference; lastKnownFileType = sourcecode.swift; path = SceneDelegate.swift; sourceTree = "<group>"; };
		883B808124AE772000F71DFB /* ExamenGapsi.xcdatamodel */ = {isa = PBXFileReference; lastKnownFileType = wrapper.xcdatamodel; path = ExamenGapsi.xcdatamodel; sourceTree = "<group>"; };
		883B808324AE772100F71DFB /* Assets.xcassets */ = {isa = PBXFileReference; lastKnownFileType = folder.assetcatalog; path = Assets.xcassets; sourceTree = "<group>"; };
		883B808624AE772100F71DFB /* Base */ = {isa = PBXFileReference; lastKnownFileType = file.storyboard; name = Base; path = Base.lproj/LaunchScreen.storyboard; sourceTree = "<group>"; };
		883B808824AE772100F71DFB /* Info.plist */ = {isa = PBXFileReference; lastKnownFileType = text.plist.xml; path = Info.plist; sourceTree = "<group>"; };
		883B808F24AE77DF00F71DFB /* ProductsListInteractor.swift */ = {isa = PBXFileReference; lastKnownFileType = sourcecode.swift; path = ProductsListInteractor.swift; sourceTree = "<group>"; };
		883B809024AE77E000F71DFB /* ProductsListLocalDataManager.swift */ = {isa = PBXFileReference; lastKnownFileType = sourcecode.swift; path = ProductsListLocalDataManager.swift; sourceTree = "<group>"; };
		883B809124AE77E000F71DFB /* ProductsListPresenter.swift */ = {isa = PBXFileReference; lastKnownFileType = sourcecode.swift; path = ProductsListPresenter.swift; sourceTree = "<group>"; };
		883B809224AE77E000F71DFB /* ProductsListProtocols.swift */ = {isa = PBXFileReference; lastKnownFileType = sourcecode.swift; path = ProductsListProtocols.swift; sourceTree = "<group>"; };
		883B809324AE77E000F71DFB /* ProductsListRemoteDataManager.swift */ = {isa = PBXFileReference; lastKnownFileType = sourcecode.swift; path = ProductsListRemoteDataManager.swift; sourceTree = "<group>"; };
		883B809424AE77E000F71DFB /* ProductsListView.swift */ = {isa = PBXFileReference; lastKnownFileType = sourcecode.swift; path = ProductsListView.swift; sourceTree = "<group>"; };
		883B809524AE77E000F71DFB /* ProductsListWireFrame.swift */ = {isa = PBXFileReference; lastKnownFileType = sourcecode.swift; path = ProductsListWireFrame.swift; sourceTree = "<group>"; };
		883B809E24AE780300F71DFB /* ProductsListView.storyboard */ = {isa = PBXFileReference; lastKnownFileType = file.storyboard; path = ProductsListView.storyboard; sourceTree = "<group>"; };
		883B80A224AE7CED00F71DFB /* Constants.swift */ = {isa = PBXFileReference; lastKnownFileType = sourcecode.swift; path = Constants.swift; sourceTree = "<group>"; };
		883B80A524AE7D9900F71DFB /* WebService.swift */ = {isa = PBXFileReference; lastKnownFileType = sourcecode.swift; path = WebService.swift; sourceTree = "<group>"; };
		883B80A824AE7DE000F71DFB /* ProductsModel.swift */ = {isa = PBXFileReference; lastKnownFileType = sourcecode.swift; path = ProductsModel.swift; sourceTree = "<group>"; };
		883B80AA24AE894600F71DFB /* ProductTableViewCell.swift */ = {isa = PBXFileReference; lastKnownFileType = sourcecode.swift; path = ProductTableViewCell.swift; sourceTree = "<group>"; };
		883B80AD24AE934100F71DFB /* URLSession+Extension.swift */ = {isa = PBXFileReference; lastKnownFileType = sourcecode.swift; path = "URLSession+Extension.swift"; sourceTree = "<group>"; };
		883B80AF24AE937900F71DFB /* APIError.swift */ = {isa = PBXFileReference; lastKnownFileType = sourcecode.swift; path = APIError.swift; sourceTree = "<group>"; };
		883B80B224AEA78C00F71DFB /* SearchListInteractor.swift */ = {isa = PBXFileReference; lastKnownFileType = sourcecode.swift; path = SearchListInteractor.swift; sourceTree = "<group>"; };
		883B80B324AEA78C00F71DFB /* SearchListLocalDataManager.swift */ = {isa = PBXFileReference; lastKnownFileType = sourcecode.swift; path = SearchListLocalDataManager.swift; sourceTree = "<group>"; };
		883B80B424AEA78C00F71DFB /* SearchListPresenter.swift */ = {isa = PBXFileReference; lastKnownFileType = sourcecode.swift; path = SearchListPresenter.swift; sourceTree = "<group>"; };
		883B80B524AEA78C00F71DFB /* SearchListProtocols.swift */ = {isa = PBXFileReference; lastKnownFileType = sourcecode.swift; path = SearchListProtocols.swift; sourceTree = "<group>"; };
		883B80B624AEA78C00F71DFB /* SearchListRemoteDataManager.swift */ = {isa = PBXFileReference; lastKnownFileType = sourcecode.swift; path = SearchListRemoteDataManager.swift; sourceTree = "<group>"; };
		883B80B724AEA78C00F71DFB /* SearchListView.swift */ = {isa = PBXFileReference; lastKnownFileType = sourcecode.swift; path = SearchListView.swift; sourceTree = "<group>"; };
		883B80B824AEA78C00F71DFB /* SearchListWireFrame.swift */ = {isa = PBXFileReference; lastKnownFileType = sourcecode.swift; path = SearchListWireFrame.swift; sourceTree = "<group>"; };
		883B80C024AEA7C000F71DFB /* SearchListView.storyboard */ = {isa = PBXFileReference; lastKnownFileType = file.storyboard; path = SearchListView.storyboard; sourceTree = "<group>"; };
/* End PBXFileReference section */

/* Begin PBXFrameworksBuildPhase section */
		883B807124AE772000F71DFB /* Frameworks */ = {
			isa = PBXFrameworksBuildPhase;
			buildActionMask = 2147483647;
			files = (
			);
			runOnlyForDeploymentPostprocessing = 0;
		};
/* End PBXFrameworksBuildPhase section */

/* Begin PBXGroup section */
		883B806B24AE771F00F71DFB = {
			isa = PBXGroup;
			children = (
				883B807624AE772000F71DFB /* ExamenGapsi */,
				883B807524AE772000F71DFB /* Products */,
			);
			sourceTree = "<group>";
		};
		883B807524AE772000F71DFB /* Products */ = {
			isa = PBXGroup;
			children = (
				883B807424AE772000F71DFB /* ExamenGapsi.app */,
			);
			name = Products;
			sourceTree = "<group>";
		};
		883B807624AE772000F71DFB /* ExamenGapsi */ = {
			isa = PBXGroup;
			children = (
				883B80A724AE7DBF00F71DFB /* Model */,
				883B80A024AE7CD000F71DFB /* Utils */,
				883B808E24AE777E00F71DFB /* Moduls */,
				883B807724AE772000F71DFB /* AppDelegate.swift */,
				883B807924AE772000F71DFB /* SceneDelegate.swift */,
				883B808324AE772100F71DFB /* Assets.xcassets */,
				883B808524AE772100F71DFB /* LaunchScreen.storyboard */,
				883B808824AE772100F71DFB /* Info.plist */,
				883B808024AE772000F71DFB /* ExamenGapsi.xcdatamodeld */,
			);
			path = ExamenGapsi;
			sourceTree = "<group>";
		};
		883B808E24AE777E00F71DFB /* Moduls */ = {
			isa = PBXGroup;
			children = (
				883B80B124AEA77400F71DFB /* SearchList */,
				883B809D24AE77E400F71DFB /* ProductsList */,
			);
			path = Moduls;
			sourceTree = "<group>";
		};
		883B809D24AE77E400F71DFB /* ProductsList */ = {
			isa = PBXGroup;
			children = (
				883B808F24AE77DF00F71DFB /* ProductsListInteractor.swift */,
				883B809024AE77E000F71DFB /* ProductsListLocalDataManager.swift */,
				883B809124AE77E000F71DFB /* ProductsListPresenter.swift */,
				883B809224AE77E000F71DFB /* ProductsListProtocols.swift */,
				883B809324AE77E000F71DFB /* ProductsListRemoteDataManager.swift */,
				883B809424AE77E000F71DFB /* ProductsListView.swift */,
				883B809524AE77E000F71DFB /* ProductsListWireFrame.swift */,
				883B809E24AE780300F71DFB /* ProductsListView.storyboard */,
				883B80AA24AE894600F71DFB /* ProductTableViewCell.swift */,
			);
			path = ProductsList;
			sourceTree = "<group>";
		};
		883B80A024AE7CD000F71DFB /* Utils */ = {
			isa = PBXGroup;
			children = (
				883B80AC24AE931F00F71DFB /* Extension */,
				883B80A424AE7D8A00F71DFB /* WebService */,
				883B80A124AE7CDA00F71DFB /* Constants */,
			);
			path = Utils;
			sourceTree = "<group>";
		};
		883B80A124AE7CDA00F71DFB /* Constants */ = {
			isa = PBXGroup;
			children = (
				883B80A224AE7CED00F71DFB /* Constants.swift */,
				883B80AF24AE937900F71DFB /* APIError.swift */,
			);
			path = Constants;
			sourceTree = "<group>";
		};
		883B80A424AE7D8A00F71DFB /* WebService */ = {
			isa = PBXGroup;
			children = (
				883B80A524AE7D9900F71DFB /* WebService.swift */,
			);
			path = WebService;
			sourceTree = "<group>";
		};
		883B80A724AE7DBF00F71DFB /* Model */ = {
			isa = PBXGroup;
			children = (
				883B80A824AE7DE000F71DFB /* ProductsModel.swift */,
			);
			path = Model;
			sourceTree = "<group>";
		};
		883B80AC24AE931F00F71DFB /* Extension */ = {
			isa = PBXGroup;
			children = (
				883B80AD24AE934100F71DFB /* URLSession+Extension.swift */,
			);
			path = Extension;
			sourceTree = "<group>";
		};
		883B80B124AEA77400F71DFB /* SearchList */ = {
			isa = PBXGroup;
			children = (
				883B80B224AEA78C00F71DFB /* SearchListInteractor.swift */,
				883B80B324AEA78C00F71DFB /* SearchListLocalDataManager.swift */,
				883B80B424AEA78C00F71DFB /* SearchListPresenter.swift */,
				883B80B524AEA78C00F71DFB /* SearchListProtocols.swift */,
				883B80B624AEA78C00F71DFB /* SearchListRemoteDataManager.swift */,
				883B80B724AEA78C00F71DFB /* SearchListView.swift */,
				883B80B824AEA78C00F71DFB /* SearchListWireFrame.swift */,
				883B80C024AEA7C000F71DFB /* SearchListView.storyboard */,
			);
			path = SearchList;
			sourceTree = "<group>";
		};
/* End PBXGroup section */

/* Begin PBXNativeTarget section */
		883B807324AE772000F71DFB /* ExamenGapsi */ = {
			isa = PBXNativeTarget;
			buildConfigurationList = 883B808B24AE772100F71DFB /* Build configuration list for PBXNativeTarget "ExamenGapsi" */;
			buildPhases = (
				883B807024AE772000F71DFB /* Sources */,
				883B807124AE772000F71DFB /* Frameworks */,
				883B807224AE772000F71DFB /* Resources */,
			);
			buildRules = (
			);
			dependencies = (
			);
			name = ExamenGapsi;
			productName = ExamenGapsi;
			productReference = 883B807424AE772000F71DFB /* ExamenGapsi.app */;
			productType = "com.apple.product-type.application";
		};
/* End PBXNativeTarget section */

/* Begin PBXProject section */
		883B806C24AE771F00F71DFB /* Project object */ = {
			isa = PBXProject;
			attributes = {
				LastSwiftUpdateCheck = 1150;
				LastUpgradeCheck = 1150;
				ORGANIZATIONNAME = "Juan Arcos";
				TargetAttributes = {
					883B807324AE772000F71DFB = {
						CreatedOnToolsVersion = 11.5;
					};
				};
			};
			buildConfigurationList = 883B806F24AE771F00F71DFB /* Build configuration list for PBXProject "ExamenGapsi" */;
			compatibilityVersion = "Xcode 9.3";
			developmentRegion = en;
			hasScannedForEncodings = 0;
			knownRegions = (
				en,
				Base,
			);
			mainGroup = 883B806B24AE771F00F71DFB;
			productRefGroup = 883B807524AE772000F71DFB /* Products */;
			projectDirPath = "";
			projectRoot = "";
			targets = (
				883B807324AE772000F71DFB /* ExamenGapsi */,
			);
		};
/* End PBXProject section */

/* Begin PBXResourcesBuildPhase section */
		883B807224AE772000F71DFB /* Resources */ = {
			isa = PBXResourcesBuildPhase;
			buildActionMask = 2147483647;
			files = (
				883B809F24AE780300F71DFB /* ProductsListView.storyboard in Resources */,
				883B80C124AEA7C000F71DFB /* SearchListView.storyboard in Resources */,
				883B808724AE772100F71DFB /* LaunchScreen.storyboard in Resources */,
				883B808424AE772100F71DFB /* Assets.xcassets in Resources */,
			);
			runOnlyForDeploymentPostprocessing = 0;
		};
/* End PBXResourcesBuildPhase section */

/* Begin PBXSourcesBuildPhase section */
		883B807024AE772000F71DFB /* Sources */ = {
			isa = PBXSourcesBuildPhase;
			buildActionMask = 2147483647;
			files = (
				883B809824AE77E000F71DFB /* ProductsListPresenter.swift in Sources */,
				883B80A324AE7CED00F71DFB /* Constants.swift in Sources */,
				883B80BD24AEA78C00F71DFB /* SearchListRemoteDataManager.swift in Sources */,
				883B80BF24AEA78C00F71DFB /* SearchListWireFrame.swift in Sources */,
				883B809924AE77E000F71DFB /* ProductsListProtocols.swift in Sources */,
				883B809B24AE77E000F71DFB /* ProductsListView.swift in Sources */,
				883B80BA24AEA78C00F71DFB /* SearchListLocalDataManager.swift in Sources */,
				883B80BE24AEA78C00F71DFB /* SearchListView.swift in Sources */,
				883B807824AE772000F71DFB /* AppDelegate.swift in Sources */,
				883B809724AE77E000F71DFB /* ProductsListLocalDataManager.swift in Sources */,
				883B80BC24AEA78C00F71DFB /* SearchListProtocols.swift in Sources */,
				883B80A624AE7D9900F71DFB /* WebService.swift in Sources */,
				883B808224AE772000F71DFB /* ExamenGapsi.xcdatamodeld in Sources */,
				883B809C24AE77E000F71DFB /* ProductsListWireFrame.swift in Sources */,
				883B80AB24AE894600F71DFB /* ProductTableViewCell.swift in Sources */,
				883B809624AE77E000F71DFB /* ProductsListInteractor.swift in Sources */,
				883B80B924AEA78C00F71DFB /* SearchListInteractor.swift in Sources */,
				883B80AE24AE934100F71DFB /* URLSession+Extension.swift in Sources */,
				883B807A24AE772000F71DFB /* SceneDelegate.swift in Sources */,
				883B80BB24AEA78C00F71DFB /* SearchListPresenter.swift in Sources */,
				883B80B024AE937900F71DFB /* APIError.swift in Sources */,
				883B80A924AE7DE000F71DFB /* ProductsModel.swift in Sources */,
				883B809A24AE77E000F71DFB /* ProductsListRemoteDataManager.swift in Sources */,
			);
			runOnlyForDeploymentPostprocessing = 0;
		};
/* End PBXSourcesBuildPhase section */

/* Begin PBXVariantGroup section */
		883B808524AE772100F71DFB /* LaunchScreen.storyboard */ = {
			isa = PBXVariantGroup;
			children = (
				883B808624AE772100F71DFB /* Base */,
			);
			name = LaunchScreen.storyboard;
			sourceTree = "<group>";
		};
/* End PBXVariantGroup section */

/* Begin XCBuildConfiguration section */
		883B808924AE772100F71DFB /* Debug */ = {
			isa = XCBuildConfiguration;
			buildSettings = {
				ALWAYS_SEARCH_USER_PATHS = NO;
				CLANG_ANALYZER_NONNULL = YES;
				CLANG_ANALYZER_NUMBER_OBJECT_CONVERSION = YES_AGGRESSIVE;
				CLANG_CXX_LANGUAGE_STANDARD = "gnu++14";
				CLANG_CXX_LIBRARY = "libc++";
				CLANG_ENABLE_MODULES = YES;
				CLANG_ENABLE_OBJC_ARC = YES;
				CLANG_ENABLE_OBJC_WEAK = YES;
				CLANG_WARN_BLOCK_CAPTURE_AUTORELEASING = YES;
				CLANG_WARN_BOOL_CONVERSION = YES;
				CLANG_WARN_COMMA = YES;
				CLANG_WARN_CONSTANT_CONVERSION = YES;
				CLANG_WARN_DEPRECATED_OBJC_IMPLEMENTATIONS = YES;
				CLANG_WARN_DIRECT_OBJC_ISA_USAGE = YES_ERROR;
				CLANG_WARN_DOCUMENTATION_COMMENTS = YES;
				CLANG_WARN_EMPTY_BODY = YES;
				CLANG_WARN_ENUM_CONVERSION = YES;
				CLANG_WARN_INFINITE_RECURSION = YES;
				CLANG_WARN_INT_CONVERSION = YES;
				CLANG_WARN_NON_LITERAL_NULL_CONVERSION = YES;
				CLANG_WARN_OBJC_IMPLICIT_RETAIN_SELF = YES;
				CLANG_WARN_OBJC_LITERAL_CONVERSION = YES;
				CLANG_WARN_OBJC_ROOT_CLASS = YES_ERROR;
				CLANG_WARN_RANGE_LOOP_ANALYSIS = YES;
				CLANG_WARN_STRICT_PROTOTYPES = YES;
				CLANG_WARN_SUSPICIOUS_MOVE = YES;
				CLANG_WARN_UNGUARDED_AVAILABILITY = YES_AGGRESSIVE;
				CLANG_WARN_UNREACHABLE_CODE = YES;
				CLANG_WARN__DUPLICATE_METHOD_MATCH = YES;
				COPY_PHASE_STRIP = NO;
				DEBUG_INFORMATION_FORMAT = dwarf;
				ENABLE_STRICT_OBJC_MSGSEND = YES;
				ENABLE_TESTABILITY = YES;
				GCC_C_LANGUAGE_STANDARD = gnu11;
				GCC_DYNAMIC_NO_PIC = NO;
				GCC_NO_COMMON_BLOCKS = YES;
				GCC_OPTIMIZATION_LEVEL = 0;
				GCC_PREPROCESSOR_DEFINITIONS = (
					"DEBUG=1",
					"$(inherited)",
				);
				GCC_WARN_64_TO_32_BIT_CONVERSION = YES;
				GCC_WARN_ABOUT_RETURN_TYPE = YES_ERROR;
				GCC_WARN_UNDECLARED_SELECTOR = YES;
				GCC_WARN_UNINITIALIZED_AUTOS = YES_AGGRESSIVE;
				GCC_WARN_UNUSED_FUNCTION = YES;
				GCC_WARN_UNUSED_VARIABLE = YES;
				IPHONEOS_DEPLOYMENT_TARGET = 13.5;
				MTL_ENABLE_DEBUG_INFO = INCLUDE_SOURCE;
				MTL_FAST_MATH = YES;
				ONLY_ACTIVE_ARCH = YES;
				SDKROOT = iphoneos;
				SWIFT_ACTIVE_COMPILATION_CONDITIONS = DEBUG;
				SWIFT_OPTIMIZATION_LEVEL = "-Onone";
			};
			name = Debug;
		};
		883B808A24AE772100F71DFB /* Release */ = {
			isa = XCBuildConfiguration;
			buildSettings = {
				ALWAYS_SEARCH_USER_PATHS = NO;
				CLANG_ANALYZER_NONNULL = YES;
				CLANG_ANALYZER_NUMBER_OBJECT_CONVERSION = YES_AGGRESSIVE;
				CLANG_CXX_LANGUAGE_STANDARD = "gnu++14";
				CLANG_CXX_LIBRARY = "libc++";
				CLANG_ENABLE_MODULES = YES;
				CLANG_ENABLE_OBJC_ARC = YES;
				CLANG_ENABLE_OBJC_WEAK = YES;
				CLANG_WARN_BLOCK_CAPTURE_AUTORELEASING = YES;
				CLANG_WARN_BOOL_CONVERSION = YES;
				CLANG_WARN_COMMA = YES;
				CLANG_WARN_CONSTANT_CONVERSION = YES;
				CLANG_WARN_DEPRECATED_OBJC_IMPLEMENTATIONS = YES;
				CLANG_WARN_DIRECT_OBJC_ISA_USAGE = YES_ERROR;
				CLANG_WARN_DOCUMENTATION_COMMENTS = YES;
				CLANG_WARN_EMPTY_BODY = YES;
				CLANG_WARN_ENUM_CONVERSION = YES;
				CLANG_WARN_INFINITE_RECURSION = YES;
				CLANG_WARN_INT_CONVERSION = YES;
				CLANG_WARN_NON_LITERAL_NULL_CONVERSION = YES;
				CLANG_WARN_OBJC_IMPLICIT_RETAIN_SELF = YES;
				CLANG_WARN_OBJC_LITERAL_CONVERSION = YES;
				CLANG_WARN_OBJC_ROOT_CLASS = YES_ERROR;
				CLANG_WARN_RANGE_LOOP_ANALYSIS = YES;
				CLANG_WARN_STRICT_PROTOTYPES = YES;
				CLANG_WARN_SUSPICIOUS_MOVE = YES;
				CLANG_WARN_UNGUARDED_AVAILABILITY = YES_AGGRESSIVE;
				CLANG_WARN_UNREACHABLE_CODE = YES;
				CLANG_WARN__DUPLICATE_METHOD_MATCH = YES;
				COPY_PHASE_STRIP = NO;
				DEBUG_INFORMATION_FORMAT = "dwarf-with-dsym";
				ENABLE_NS_ASSERTIONS = NO;
				ENABLE_STRICT_OBJC_MSGSEND = YES;
				GCC_C_LANGUAGE_STANDARD = gnu11;
				GCC_NO_COMMON_BLOCKS = YES;
				GCC_WARN_64_TO_32_BIT_CONVERSION = YES;
				GCC_WARN_ABOUT_RETURN_TYPE = YES_ERROR;
				GCC_WARN_UNDECLARED_SELECTOR = YES;
				GCC_WARN_UNINITIALIZED_AUTOS = YES_AGGRESSIVE;
				GCC_WARN_UNUSED_FUNCTION = YES;
				GCC_WARN_UNUSED_VARIABLE = YES;
				IPHONEOS_DEPLOYMENT_TARGET = 13.5;
				MTL_ENABLE_DEBUG_INFO = NO;
				MTL_FAST_MATH = YES;
				SDKROOT = iphoneos;
				SWIFT_COMPILATION_MODE = wholemodule;
				SWIFT_OPTIMIZATION_LEVEL = "-O";
				VALIDATE_PRODUCT = YES;
			};
			name = Release;
		};
		883B808C24AE772100F71DFB /* Debug */ = {
			isa = XCBuildConfiguration;
			buildSettings = {
				ASSETCATALOG_COMPILER_APPICON_NAME = AppIcon;
				CODE_SIGN_STYLE = Automatic;
				DEVELOPMENT_TEAM = A4ZE6AACZL;
				INFOPLIST_FILE = ExamenGapsi/Info.plist;
				LD_RUNPATH_SEARCH_PATHS = (
					"$(inherited)",
					"@executable_path/Frameworks",
				);
				PRODUCT_BUNDLE_IDENTIFIER = mx.arkos.ExamenGapsi;
				PRODUCT_NAME = "$(TARGET_NAME)";
				SWIFT_VERSION = 5.0;
				TARGETED_DEVICE_FAMILY = "1,2";
			};
			name = Debug;
		};
		883B808D24AE772100F71DFB /* Release */ = {
			isa = XCBuildConfiguration;
			buildSettings = {
				ASSETCATALOG_COMPILER_APPICON_NAME = AppIcon;
				CODE_SIGN_STYLE = Automatic;
				DEVELOPMENT_TEAM = A4ZE6AACZL;
				INFOPLIST_FILE = ExamenGapsi/Info.plist;
				LD_RUNPATH_SEARCH_PATHS = (
					"$(inherited)",
					"@executable_path/Frameworks",
				);
				PRODUCT_BUNDLE_IDENTIFIER = mx.arkos.ExamenGapsi;
				PRODUCT_NAME = "$(TARGET_NAME)";
				SWIFT_VERSION = 5.0;
				TARGETED_DEVICE_FAMILY = "1,2";
			};
			name = Release;
		};
/* End XCBuildConfiguration section */

/* Begin XCConfigurationList section */
		883B806F24AE771F00F71DFB /* Build configuration list for PBXProject "ExamenGapsi" */ = {
			isa = XCConfigurationList;
			buildConfigurations = (
				883B808924AE772100F71DFB /* Debug */,
				883B808A24AE772100F71DFB /* Release */,
			);
			defaultConfigurationIsVisible = 0;
			defaultConfigurationName = Release;
		};
		883B808B24AE772100F71DFB /* Build configuration list for PBXNativeTarget "ExamenGapsi" */ = {
			isa = XCConfigurationList;
			buildConfigurations = (
				883B808C24AE772100F71DFB /* Debug */,
				883B808D24AE772100F71DFB /* Release */,
			);
			defaultConfigurationIsVisible = 0;
			defaultConfigurationName = Release;
		};
/* End XCConfigurationList section */

/* Begin XCVersionGroup section */
		883B808024AE772000F71DFB /* ExamenGapsi.xcdatamodeld */ = {
			isa = XCVersionGroup;
			children = (
				883B808124AE772000F71DFB /* ExamenGapsi.xcdatamodel */,
			);
			currentVersion = 883B808124AE772000F71DFB /* ExamenGapsi.xcdatamodel */;
			path = ExamenGapsi.xcdatamodeld;
			sourceTree = "<group>";
			versionGroupType = wrapper.xcdatamodel;
		};
/* End XCVersionGroup section */
	};
	rootObject = 883B806C24AE771F00F71DFB /* Project object */;
}
